
Microsoft Visual Studio Solution File, Format Version 12.00
# Visual Studio 15
VisualStudioVersion = 15.0.28307.421
MinimumVisualStudioVersion = 10.0.40219.1
Project("{FAE04EC0-301F-11D3-BF4B-00C04F79EFBC}") = "Pacman", "Pacman\Pacman.csproj", "{38803F9F-9682-4E6B-9375-C7B66CDFFBF0}"
EndProject
Global
	GlobalSection(SolutionConfigurationPlatforms) = preSolution
		Debug|Any CPU = Debug|Any CPU
		Release|Any CPU = Release|Any CPU
	EndGlobalSection
	GlobalSection(ProjectConfigurationPlatforms) = postSolution
		{38803F9F-9682-4E6B-9375-C7B66CDFFBF0}.Debug|Any CPU.ActiveCfg = Debug|Any CPU
		{38803F9F-9682-4E6B-9375-C7B66CDFFBF0}.Debug|Any CPU.Build.0 = Debug|Any CPU
		{38803F9F-9682-4E6B-9375-C7B66CDFFBF0}.Release|Any CPU.ActiveCfg = Release|Any CPU
		{38803F9F-9682-4E6B-9375-C7B66CDFFBF0}.Release|Any CPU.Build.0 = Release|Any CPU
	EndGlobalSection
	GlobalSection(SolutionProperties) = preSolution
		HideSolutionNode = FALSE
	EndGlobalSection
	GlobalSection(ExtensibilityGlobals) = postSolution
		SolutionGuid = {790DE92E-50F3-4863-8E9F-08238D6A6A11}
	EndGlobalSection
EndGlobal
